
Microsoft Visual Studio Solution File, Format Version 12.00
# Visual Studio 15
VisualStudioVersion = 15.0.28010.2016
MinimumVisualStudioVersion = 10.0.40219.1
Project("{FAE04EC0-301F-11D3-BF4B-00C04F79EFBC}") = "CodeBattleNet", "CodeBattleNet\CodeBattleNet.csproj", "{2A6E9D87-E13A-4CCC-85FF-6AC59614998D}"
	ProjectSection(ProjectDependencies) = postProject
		{4854B06F-C0A7-4529-B291-3D210303B10A} = {4854B06F-C0A7-4529-B291-3D210303B10A}
	EndProjectSection
EndProject
Project("{FAE04EC0-301F-11D3-BF4B-00C04F79EFBC}") = "CodeBattleNetLibrary", "CodeBattleNetLibrary\CodeBattleNetLibrary.csproj", "{4854B06F-C0A7-4529-B291-3D210303B10A}"
EndProject
Global
	GlobalSection(SolutionConfigurationPlatforms) = preSolution
		Debug|Any CPU = Debug|Any CPU
		Release|Any CPU = Release|Any CPU
	EndGlobalSection
	GlobalSection(ProjectConfigurationPlatforms) = postSolution
		{2A6E9D87-E13A-4CCC-85FF-6AC59614998D}.Debug|Any CPU.ActiveCfg = Debug|Any CPU
		{2A6E9D87-E13A-4CCC-85FF-6AC59614998D}.Debug|Any CPU.Build.0 = Debug|Any CPU
		{2A6E9D87-E13A-4CCC-85FF-6AC59614998D}.Release|Any CPU.ActiveCfg = Release|Any CPU
		{2A6E9D87-E13A-4CCC-85FF-6AC59614998D}.Release|Any CPU.Build.0 = Release|Any CPU
		{4854B06F-C0A7-4529-B291-3D210303B10A}.Debug|Any CPU.ActiveCfg = Debug|Any CPU
		{4854B06F-C0A7-4529-B291-3D210303B10A}.Debug|Any CPU.Build.0 = Debug|Any CPU
		{4854B06F-C0A7-4529-B291-3D210303B10A}.Release|Any CPU.ActiveCfg = Release|Any CPU
		{4854B06F-C0A7-4529-B291-3D210303B10A}.Release|Any CPU.Build.0 = Release|Any CPU
	EndGlobalSection
	GlobalSection(SolutionProperties) = preSolution
		HideSolutionNode = FALSE
	EndGlobalSection
	GlobalSection(ExtensibilityGlobals) = postSolution
		SolutionGuid = {3C25B86B-EDC2-46D7-A229-2AAFD39DC17E}
	EndGlobalSection
EndGlobal
